
Microsoft Visual Studio Solution File, Format Version 12.00
# Visual Studio Version 16
VisualStudioVersion = 16.0.30907.101
MinimumVisualStudioVersion = 10.0.40219.1
Project("{2150E333-8FDC-42A3-9474-1A3956D46DE8}") = "Services", "Services", "{6C911AA8-EE3E-41C7-AC30-2141694EEDB2}"
EndProject
Project("{2150E333-8FDC-42A3-9474-1A3956D46DE8}") = "WebApp", "WebApp", "{4D5A74CB-2F2A-4618-9E80-AE925E551524}"
EndProject
Project("{2150E333-8FDC-42A3-9474-1A3956D46DE8}") = "BuildingBlocks", "BuildingBlocks", "{101D48F4-5E30-4DCC-883F-2EB1C8ED2F92}"
EndProject
Project("{9A19103F-16F7-4668-BE54-9A1E7A4F7556}") = "UserAPI", "UserAPI\UserAPI.csproj", "{089E0806-0B26-41A5-86DB-68AD3904E289}"
EndProject
Project("{9A19103F-16F7-4668-BE54-9A1E7A4F7556}") = "QuestionAPI", "QuestionAPI\QuestionAPI.csproj", "{EF7DFF9F-A9FA-408B-88A8-67E0B45A3DB8}"
EndProject
Project("{9A19103F-16F7-4668-BE54-9A1E7A4F7556}") = "APIGateway", "APIGateway\APIGateway.csproj", "{0D539382-D852-4C34-BB06-932687C2BAAB}"
EndProject
Project("{9A19103F-16F7-4668-BE54-9A1E7A4F7556}") = "QuestionConsumer", "QuestionConsumer\QuestionConsumer.csproj", "{709B9C76-3436-4F97-B3DF-17C92109D8B3}"
EndProject
Project("{FAE04EC0-301F-11D3-BF4B-00C04F79EFBC}") = "AuthAPI", "AuthAPI\AuthAPI.csproj", "{413A0859-9A56-4764-A08F-B4EA35DD2B28}"
EndProject
Global
	GlobalSection(SolutionConfigurationPlatforms) = preSolution
		Debug|Any CPU = Debug|Any CPU
		Release|Any CPU = Release|Any CPU
	EndGlobalSection
	GlobalSection(ProjectConfigurationPlatforms) = postSolution
		{089E0806-0B26-41A5-86DB-68AD3904E289}.Debug|Any CPU.ActiveCfg = Debug|Any CPU
		{089E0806-0B26-41A5-86DB-68AD3904E289}.Debug|Any CPU.Build.0 = Debug|Any CPU
		{089E0806-0B26-41A5-86DB-68AD3904E289}.Release|Any CPU.ActiveCfg = Release|Any CPU
		{089E0806-0B26-41A5-86DB-68AD3904E289}.Release|Any CPU.Build.0 = Release|Any CPU
		{EF7DFF9F-A9FA-408B-88A8-67E0B45A3DB8}.Debug|Any CPU.ActiveCfg = Debug|Any CPU
		{EF7DFF9F-A9FA-408B-88A8-67E0B45A3DB8}.Debug|Any CPU.Build.0 = Debug|Any CPU
		{EF7DFF9F-A9FA-408B-88A8-67E0B45A3DB8}.Release|Any CPU.ActiveCfg = Release|Any CPU
		{EF7DFF9F-A9FA-408B-88A8-67E0B45A3DB8}.Release|Any CPU.Build.0 = Release|Any CPU
		{0D539382-D852-4C34-BB06-932687C2BAAB}.Debug|Any CPU.ActiveCfg = Debug|Any CPU
		{0D539382-D852-4C34-BB06-932687C2BAAB}.Debug|Any CPU.Build.0 = Debug|Any CPU
		{0D539382-D852-4C34-BB06-932687C2BAAB}.Release|Any CPU.ActiveCfg = Release|Any CPU
		{0D539382-D852-4C34-BB06-932687C2BAAB}.Release|Any CPU.Build.0 = Release|Any CPU
		{709B9C76-3436-4F97-B3DF-17C92109D8B3}.Debug|Any CPU.ActiveCfg = Debug|Any CPU
		{709B9C76-3436-4F97-B3DF-17C92109D8B3}.Debug|Any CPU.Build.0 = Debug|Any CPU
		{709B9C76-3436-4F97-B3DF-17C92109D8B3}.Release|Any CPU.ActiveCfg = Release|Any CPU
		{709B9C76-3436-4F97-B3DF-17C92109D8B3}.Release|Any CPU.Build.0 = Release|Any CPU
		{413A0859-9A56-4764-A08F-B4EA35DD2B28}.Debug|Any CPU.ActiveCfg = Debug|Any CPU
		{413A0859-9A56-4764-A08F-B4EA35DD2B28}.Debug|Any CPU.Build.0 = Debug|Any CPU
		{413A0859-9A56-4764-A08F-B4EA35DD2B28}.Release|Any CPU.ActiveCfg = Release|Any CPU
		{413A0859-9A56-4764-A08F-B4EA35DD2B28}.Release|Any CPU.Build.0 = Release|Any CPU
	EndGlobalSection
	GlobalSection(SolutionProperties) = preSolution
		HideSolutionNode = FALSE
	EndGlobalSection
	GlobalSection(NestedProjects) = preSolution
		{089E0806-0B26-41A5-86DB-68AD3904E289} = {6C911AA8-EE3E-41C7-AC30-2141694EEDB2}
		{EF7DFF9F-A9FA-408B-88A8-67E0B45A3DB8} = {6C911AA8-EE3E-41C7-AC30-2141694EEDB2}
		{0D539382-D852-4C34-BB06-932687C2BAAB} = {6C911AA8-EE3E-41C7-AC30-2141694EEDB2}
		{709B9C76-3436-4F97-B3DF-17C92109D8B3} = {6C911AA8-EE3E-41C7-AC30-2141694EEDB2}
		{413A0859-9A56-4764-A08F-B4EA35DD2B28} = {6C911AA8-EE3E-41C7-AC30-2141694EEDB2}
	EndGlobalSection
	GlobalSection(ExtensibilityGlobals) = postSolution
		SolutionGuid = {20611F10-2896-410B-A730-FF502A90FEDD}
	EndGlobalSection
EndGlobal
